{
  "version": "5",
  "specifiers": {
    "jsr:@supabase/supabase-js@2": "2.112.1"
  },
  "jsr": {
    "@supabase/supabase-js@2.112.1": {
      "integrity": "46b5cc4f45a230a1f8dfbd8760ab515ac102cfbb2befd33038bd9a13380a888c"
    }
  },
  "workspace": {
    "packageJson": {
      "dependencies": [
        "npm:@supabase/supabase-js@^2.112.1",
        "npm:@tailwindcss/vite@^4.3.3",
        "npm:@types/react-dom@19",
        "npm:@types/react@19",
        "npm:@vitejs/plugin-react@^4.3.0",
        "npm:jspdf@^4.2.1",
        "npm:lucide-react@^1.28.0",
        "npm:oxlint@^1.77.0",
        "npm:prettier@^3.9.6",
        "npm:puppeteer-core@^25.5.0",
        "npm:qrcode@^1.5.4",
        "npm:react-dom@19",
        "npm:react@19",
        "npm:tailwindcss@^4.3.3",
        "npm:vite@6",
        "npm:vitest@^4.1.10"
      ]
    }
  }
}
